
Microsoft Visual Studio Solution File, Format Version 12.00
# Visual Studio Version 17
VisualStudioVersion = 17.2.32526.322
MinimumVisualStudioVersion = 10.0.40219.1
Project("{FAE04EC0-301F-11D3-BF4B-00C04F79EFBC}") = "UnitTesting", "UnitTesting\UnitTesting.csproj", "{C55C94E5-CCE8-42A3-AC7A-9FEDCA5B0CB3}"
EndProject
Project("{FAE04EC0-301F-11D3-BF4B-00C04F79EFBC}") = "UnitTests", "UnitTests\UnitTests.csproj", "{B8F92608-BE8B-4CA4-9EEC-D72F4433A323}"
EndProject
Global
	GlobalSection(SolutionConfigurationPlatforms) = preSolution
		Debug|Any CPU = Debug|Any CPU
		Release|Any CPU = Release|Any CPU
	EndGlobalSection
	GlobalSection(ProjectConfigurationPlatforms) = postSolution
		{C55C94E5-CCE8-42A3-AC7A-9FEDCA5B0CB3}.Debug|Any CPU.ActiveCfg = Debug|Any CPU
		{C55C94E5-CCE8-42A3-AC7A-9FEDCA5B0CB3}.Debug|Any CPU.Build.0 = Debug|Any CPU
		{C55C94E5-CCE8-42A3-AC7A-9FEDCA5B0CB3}.Release|Any CPU.ActiveCfg = Release|Any CPU
		{C55C94E5-CCE8-42A3-AC7A-9FEDCA5B0CB3}.Release|Any CPU.Build.0 = Release|Any CPU
		{B8F92608-BE8B-4CA4-9EEC-D72F4433A323}.Debug|Any CPU.ActiveCfg = Debug|Any CPU
		{B8F92608-BE8B-4CA4-9EEC-D72F4433A323}.Debug|Any CPU.Build.0 = Debug|Any CPU
		{B8F92608-BE8B-4CA4-9EEC-D72F4433A323}.Release|Any CPU.ActiveCfg = Release|Any CPU
		{B8F92608-BE8B-4CA4-9EEC-D72F4433A323}.Release|Any CPU.Build.0 = Release|Any CPU
	EndGlobalSection
	GlobalSection(SolutionProperties) = preSolution
		HideSolutionNode = FALSE
	EndGlobalSection
	GlobalSection(ExtensibilityGlobals) = postSolution
		SolutionGuid = {835B27A2-BAE7-46FF-AF1C-5E24BFD2B1D1}
	EndGlobalSection
EndGlobal
